
Microsoft Visual Studio Solution File, Format Version 12.00
# Visual Studio Version 16
VisualStudioVersion = 16.0.29613.14
MinimumVisualStudioVersion = 10.0.40219.1
Project("{FAE04EC0-301F-11D3-BF4B-00C04F79EFBC}") = "Zadanie_rekrutacyjne", "Zadanie_rekrutacyjne.csproj", "{F520211A-CFDC-404A-ABE0-F742F4FBE461}"
EndProject
Global
	GlobalSection(SolutionConfigurationPlatforms) = preSolution
		Debug|Any CPU = Debug|Any CPU
		Release|Any CPU = Release|Any CPU
	EndGlobalSection
	GlobalSection(ProjectConfigurationPlatforms) = postSolution
		{F520211A-CFDC-404A-ABE0-F742F4FBE461}.Debug|Any CPU.ActiveCfg = Debug|Any CPU
		{F520211A-CFDC-404A-ABE0-F742F4FBE461}.Debug|Any CPU.Build.0 = Debug|Any CPU
		{F520211A-CFDC-404A-ABE0-F742F4FBE461}.Release|Any CPU.ActiveCfg = Release|Any CPU
		{F520211A-CFDC-404A-ABE0-F742F4FBE461}.Release|Any CPU.Build.0 = Release|Any CPU
	EndGlobalSection
	GlobalSection(SolutionProperties) = preSolution
		HideSolutionNode = FALSE
	EndGlobalSection
	GlobalSection(ExtensibilityGlobals) = postSolution
		SolutionGuid = {A633D5F3-BE15-44DD-8C7B-41070D0D0542}
	EndGlobalSection
EndGlobal
